// !$*UTF8*$!
{
	archiveVersion = 1;
	classes = {
	};
	objectVersion = 50;
	objects = {

/* Begin PBXBuildFile section */
		88FE948B24582E7F00B43F4D /* AppDelegate.swift in Sources */ = {isa = PBXBuildFile; fileRef = 88FE948A24582E7F00B43F4D /* AppDelegate.swift */; };
		88FE948D24582E7F00B43F4D /* SceneDelegate.swift in Sources */ = {isa = PBXBuildFile; fileRef = 88FE948C24582E7F00B43F4D /* SceneDelegate.swift */; };
		88FE948F24582E7F00B43F4D /* ViewController.swift in Sources */ = {isa = PBXBuildFile; fileRef = 88FE948E24582E7F00B43F4D /* ViewController.swift */; };
		88FE949224582E7F00B43F4D /* Main.storyboard in Resources */ = {isa = PBXBuildFile; fileRef = 88FE949024582E7F00B43F4D /* Main.storyboard */; };
		88FE949424582E8100B43F4D /* Assets.xcassets in Resources */ = {isa = PBXBuildFile; fileRef = 88FE949324582E8100B43F4D /* Assets.xcassets */; };
		88FE949724582E8100B43F4D /* LaunchScreen.storyboard in Resources */ = {isa = PBXBuildFile; fileRef = 88FE949524582E8100B43F4D /* LaunchScreen.storyboard */; };
		88FE94A224582E8100B43F4D /* GameControllerTests.swift in Sources */ = {isa = PBXBuildFile; fileRef = 88FE94A124582E8100B43F4D /* GameControllerTests.swift */; };
		88FE94AD2458301E00B43F4D /* GameController.swift in Sources */ = {isa = PBXBuildFile; fileRef = 88FE94AC2458301E00B43F4D /* GameController.swift */; };
		88FE94AF2458E42D00B43F4D /* IntExtensions.swift in Sources */ = {isa = PBXBuildFile; fileRef = 88FE94AE2458E42D00B43F4D /* IntExtensions.swift */; };
/* End PBXBuildFile section */

/* Begin PBXContainerItemProxy section */
		88FE949E24582E8100B43F4D /* PBXContainerItemProxy */ = {
			isa = PBXContainerItemProxy;
			containerPortal = 88FE947F24582E7F00B43F4D /* Project object */;
			proxyType = 1;
			remoteGlobalIDString = 88FE948624582E7F00B43F4D;
			remoteInfo = SecretNumber;
		};
/* End PBXContainerItemProxy section */

/* Begin PBXFileReference section */
		88FE948724582E7F00B43F4D /* SecretNumber.app */ = {isa = PBXFileReference; explicitFileType = wrapper.application; includeInIndex = 0; path = SecretNumber.app; sourceTree = BUILT_PRODUCTS_DIR; };
		88FE948A24582E7F00B43F4D /* AppDelegate.swift */ = {isa = PBXFileReference; lastKnownFileType = sourcecode.swift; path = AppDelegate.swift; sourceTree = "<group>"; };
		88FE948C24582E7F00B43F4D /* SceneDelegate.swift */ = {isa = PBXFileReference; lastKnownFileType = sourcecode.swift; path = SceneDelegate.swift; sourceTree = "<group>"; };
		88FE948E24582E7F00B43F4D /* ViewController.swift */ = {isa = PBXFileReference; lastKnownFileType = sourcecode.swift; path = ViewController.swift; sourceTree = "<group>"; };
		88FE949124582E7F00B43F4D /* Base */ = {isa = PBXFileReference; lastKnownFileType = file.storyboard; name = Base; path = Base.lproj/Main.storyboard; sourceTree = "<group>"; };
		88FE949324582E8100B43F4D /* Assets.xcassets */ = {isa = PBXFileReference; lastKnownFileType = folder.assetcatalog; path = Assets.xcassets; sourceTree = "<group>"; };
		88FE949624582E8100B43F4D /* Base */ = {isa = PBXFileReference; lastKnownFileType = file.storyboard; name = Base; path = Base.lproj/LaunchScreen.storyboard; sourceTree = "<group>"; };
		88FE949824582E8100B43F4D /* Info.plist */ = {isa = PBXFileReference; lastKnownFileType = text.plist.xml; path = Info.plist; sourceTree = "<group>"; };
		88FE949D24582E8100B43F4D /* SecretNumberTests.xctest */ = {isa = PBXFileReference; explicitFileType = wrapper.cfbundle; includeInIndex = 0; path = SecretNumberTests.xctest; sourceTree = BUILT_PRODUCTS_DIR; };
		88FE94A124582E8100B43F4D /* GameControllerTests.swift */ = {isa = PBXFileReference; lastKnownFileType = sourcecode.swift; path = GameControllerTests.swift; sourceTree = "<group>"; };
		88FE94A324582E8100B43F4D /* Info.plist */ = {isa = PBXFileReference; lastKnownFileType = text.plist.xml; path = Info.plist; sourceTree = "<group>"; };
		88FE94AC2458301E00B43F4D /* GameController.swift */ = {isa = PBXFileReference; lastKnownFileType = sourcecode.swift; path = GameController.swift; sourceTree = "<group>"; };
		88FE94AE2458E42D00B43F4D /* IntExtensions.swift */ = {isa = PBXFileReference; lastKnownFileType = sourcecode.swift; path = IntExtensions.swift; sourceTree = "<group>"; };
/* End PBXFileReference section */

/* Begin PBXFrameworksBuildPhase section */
		88FE948424582E7F00B43F4D /* Frameworks */ = {
			isa = PBXFrameworksBuildPhase;
			buildActionMask = 2147483647;
			files = (
			);
			runOnlyForDeploymentPostprocessing = 0;
		};
		88FE949A24582E8100B43F4D /* Frameworks */ = {
			isa = PBXFrameworksBuildPhase;
			buildActionMask = 2147483647;
			files = (
			);
			runOnlyForDeploymentPostprocessing = 0;
		};
/* End PBXFrameworksBuildPhase section */

/* Begin PBXGroup section */
		88FE947E24582E7F00B43F4D = {
			isa = PBXGroup;
			children = (
				88FE948924582E7F00B43F4D /* SecretNumber */,
				88FE94A024582E8100B43F4D /* SecretNumberTests */,
				88FE948824582E7F00B43F4D /* Products */,
			);
			sourceTree = "<group>";
		};
		88FE948824582E7F00B43F4D /* Products */ = {
			isa = PBXGroup;
			children = (
				88FE948724582E7F00B43F4D /* SecretNumber.app */,
				88FE949D24582E8100B43F4D /* SecretNumberTests.xctest */,
			);
			name = Products;
			sourceTree = "<group>";
		};
		88FE948924582E7F00B43F4D /* SecretNumber */ = {
			isa = PBXGroup;
			children = (
				88FE948A24582E7F00B43F4D /* AppDelegate.swift */,
				88FE948C24582E7F00B43F4D /* SceneDelegate.swift */,
				88FE948E24582E7F00B43F4D /* ViewController.swift */,
				88FE949024582E7F00B43F4D /* Main.storyboard */,
				88FE949324582E8100B43F4D /* Assets.xcassets */,
				88FE949524582E8100B43F4D /* LaunchScreen.storyboard */,
				88FE949824582E8100B43F4D /* Info.plist */,
				88FE94AC2458301E00B43F4D /* GameController.swift */,
				88FE94AE2458E42D00B43F4D /* IntExtensions.swift */,
			);
			path = SecretNumber;
			sourceTree = "<group>";
		};
		88FE94A024582E8100B43F4D /* SecretNumberTests */ = {
			isa = PBXGroup;
			children = (
				88FE94A124582E8100B43F4D /* GameControllerTests.swift */,
				88FE94A324582E8100B43F4D /* Info.plist */,
			);
			path = SecretNumberTests;
			sourceTree = "<group>";
		};
/* End PBXGroup section */

/* Begin PBXNativeTarget section */
		88FE948624582E7F00B43F4D /* SecretNumber */ = {
			isa = PBXNativeTarget;
			buildConfigurationList = 88FE94A624582E8100B43F4D /* Build configuration list for PBXNativeTarget "SecretNumber" */;
			buildPhases = (
				88FE948324582E7F00B43F4D /* Sources */,
				88FE948424582E7F00B43F4D /* Frameworks */,
				88FE948524582E7F00B43F4D /* Resources */,
			);
			buildRules = (
			);
			dependencies = (
			);
			name = SecretNumber;
			productName = SecretNumber;
			productReference = 88FE948724582E7F00B43F4D /* SecretNumber.app */;
			productType = "com.apple.product-type.application";
		};
		88FE949C24582E8100B43F4D /* SecretNumberTests */ = {
			isa = PBXNativeTarget;
			buildConfigurationList = 88FE94A924582E8100B43F4D /* Build configuration list for PBXNativeTarget "SecretNumberTests" */;
			buildPhases = (
				88FE949924582E8100B43F4D /* Sources */,
				88FE949A24582E8100B43F4D /* Frameworks */,
				88FE949B24582E8100B43F4D /* Resources */,
			);
			buildRules = (
			);
			dependencies = (
				88FE949F24582E8100B43F4D /* PBXTargetDependency */,
			);
			name = SecretNumberTests;
			productName = SecretNumberTests;
			productReference = 88FE949D24582E8100B43F4D /* SecretNumberTests.xctest */;
			productType = "com.apple.product-type.bundle.unit-test";
		};
/* End PBXNativeTarget section */

/* Begin PBXProject section */
		88FE947F24582E7F00B43F4D /* Project object */ = {
			isa = PBXProject;
			attributes = {
				LastSwiftUpdateCheck = 1130;
				LastUpgradeCheck = 1130;
				ORGANIZATIONNAME = SapinRocher;
				TargetAttributes = {
					88FE948624582E7F00B43F4D = {
						CreatedOnToolsVersion = 11.3.1;
					};
					88FE949C24582E8100B43F4D = {
						CreatedOnToolsVersion = 11.3.1;
						TestTargetID = 88FE948624582E7F00B43F4D;
					};
				};
			};
			buildConfigurationList = 88FE948224582E7F00B43F4D /* Build configuration list for PBXProject "SecretNumber" */;
			compatibilityVersion = "Xcode 9.3";
			developmentRegion = en;
			hasScannedForEncodings = 0;
			knownRegions = (
				en,
				Base,
			);
			mainGroup = 88FE947E24582E7F00B43F4D;
			productRefGroup = 88FE948824582E7F00B43F4D /* Products */;
			projectDirPath = "";
			projectRoot = "";
			targets = (
				88FE948624582E7F00B43F4D /* SecretNumber */,
				88FE949C24582E8100B43F4D /* SecretNumberTests */,
			);
		};
/* End PBXProject section */

/* Begin PBXResourcesBuildPhase section */
		88FE948524582E7F00B43F4D /* Resources */ = {
			isa = PBXResourcesBuildPhase;
			buildActionMask = 2147483647;
			files = (
				88FE949724582E8100B43F4D /* LaunchScreen.storyboard in Resources */,
				88FE949424582E8100B43F4D /* Assets.xcassets in Resources */,
				88FE949224582E7F00B43F4D /* Main.storyboard in Resources */,
			);
			runOnlyForDeploymentPostprocessing = 0;
		};
		88FE949B24582E8100B43F4D /* Resources */ = {
			isa = PBXResourcesBuildPhase;
			buildActionMask = 2147483647;
			files = (
			);
			runOnlyForDeploymentPostprocessing = 0;
		};
/* End PBXResourcesBuildPhase section */

/* Begin PBXSourcesBuildPhase section */
		88FE948324582E7F00B43F4D /* Sources */ = {
			isa = PBXSourcesBuildPhase;
			buildActionMask = 2147483647;
			files = (
				88FE94AF2458E42D00B43F4D /* IntExtensions.swift in Sources */,
				88FE948F24582E7F00B43F4D /* ViewController.swift in Sources */,
				88FE94AD2458301E00B43F4D /* GameController.swift in Sources */,
				88FE948B24582E7F00B43F4D /* AppDelegate.swift in Sources */,
				88FE948D24582E7F00B43F4D /* SceneDelegate.swift in Sources */,
			);
			runOnlyForDeploymentPostprocessing = 0;
		};
		88FE949924582E8100B43F4D /* Sources */ = {
			isa = PBXSourcesBuildPhase;
			buildActionMask = 2147483647;
			files = (
				88FE94A224582E8100B43F4D /* GameControllerTests.swift in Sources */,
			);
			runOnlyForDeploymentPostprocessing = 0;
		};
/* End PBXSourcesBuildPhase section */

/* Begin PBXTargetDependency section */
		88FE949F24582E8100B43F4D /* PBXTargetDependency */ = {
			isa = PBXTargetDependency;
			target = 88FE948624582E7F00B43F4D /* SecretNumber */;
			targetProxy = 88FE949E24582E8100B43F4D /* PBXContainerItemProxy */;
		};
/* End PBXTargetDependency section */

/* Begin PBXVariantGroup section */
		88FE949024582E7F00B43F4D /* Main.storyboard */ = {
			isa = PBXVariantGroup;
			children = (
				88FE949124582E7F00B43F4D /* Base */,
			);
			name = Main.storyboard;
			sourceTree = "<group>";
		};
		88FE949524582E8100B43F4D /* LaunchScreen.storyboard */ = {
			isa = PBXVariantGroup;
			children = (
				88FE949624582E8100B43F4D /* Base */,
			);
			name = LaunchScreen.storyboard;
			sourceTree = "<group>";
		};
/* End PBXVariantGroup section */

/* Begin XCBuildConfiguration section */
		88FE94A424582E8100B43F4D /* Debug */ = {
			isa = XCBuildConfiguration;
			buildSettings = {
				ALWAYS_SEARCH_USER_PATHS = NO;
				CLANG_ANALYZER_NONNULL = YES;
				CLANG_ANALYZER_NUMBER_OBJECT_CONVERSION = YES_AGGRESSIVE;
				CLANG_CXX_LANGUAGE_STANDARD = "gnu++14";
				CLANG_CXX_LIBRARY = "libc++";
				CLANG_ENABLE_MODULES = YES;
				CLANG_ENABLE_OBJC_ARC = YES;
				CLANG_ENABLE_OBJC_WEAK = YES;
				CLANG_WARN_BLOCK_CAPTURE_AUTORELEASING = YES;
				CLANG_WARN_BOOL_CONVERSION = YES;
				CLANG_WARN_COMMA = YES;
				CLANG_WARN_CONSTANT_CONVERSION = YES;
				CLANG_WARN_DEPRECATED_OBJC_IMPLEMENTATIONS = YES;
				CLANG_WARN_DIRECT_OBJC_ISA_USAGE = YES_ERROR;
				CLANG_WARN_DOCUMENTATION_COMMENTS = YES;
				CLANG_WARN_EMPTY_BODY = YES;
				CLANG_WARN_ENUM_CONVERSION = YES;
				CLANG_WARN_INFINITE_RECURSION = YES;
				CLANG_WARN_INT_CONVERSION = YES;
				CLANG_WARN_NON_LITERAL_NULL_CONVERSION = YES;
				CLANG_WARN_OBJC_IMPLICIT_RETAIN_SELF = YES;
				CLANG_WARN_OBJC_LITERAL_CONVERSION = YES;
				CLANG_WARN_OBJC_ROOT_CLASS = YES_ERROR;
				CLANG_WARN_RANGE_LOOP_ANALYSIS = YES;
				CLANG_WARN_STRICT_PROTOTYPES = YES;
				CLANG_WARN_SUSPICIOUS_MOVE = YES;
				CLANG_WARN_UNGUARDED_AVAILABILITY = YES_AGGRESSIVE;
				CLANG_WARN_UNREACHABLE_CODE = YES;
				CLANG_WARN__DUPLICATE_METHOD_MATCH = YES;
				COPY_PHASE_STRIP = NO;
				DEBUG_INFORMATION_FORMAT = dwarf;
				ENABLE_STRICT_OBJC_MSGSEND = YES;
				ENABLE_TESTABILITY = YES;
				GCC_C_LANGUAGE_STANDARD = gnu11;
				GCC_DYNAMIC_NO_PIC = NO;
				GCC_NO_COMMON_BLOCKS = YES;
				GCC_OPTIMIZATION_LEVEL = 0;
				GCC_PREPROCESSOR_DEFINITIONS = (
					"DEBUG=1",
					"$(inherited)",
				);
				GCC_WARN_64_TO_32_BIT_CONVERSION = YES;
				GCC_WARN_ABOUT_RETURN_TYPE = YES_ERROR;
				GCC_WARN_UNDECLARED_SELECTOR = YES;
				GCC_WARN_UNINITIALIZED_AUTOS = YES_AGGRESSIVE;
				GCC_WARN_UNUSED_FUNCTION = YES;
				GCC_WARN_UNUSED_VARIABLE = YES;
				IPHONEOS_DEPLOYMENT_TARGET = 13.2;
				MTL_ENABLE_DEBUG_INFO = INCLUDE_SOURCE;
				MTL_FAST_MATH = YES;
				ONLY_ACTIVE_ARCH = YES;
				SDKROOT = iphoneos;
				SWIFT_ACTIVE_COMPILATION_CONDITIONS = DEBUG;
				SWIFT_OPTIMIZATION_LEVEL = "-Onone";
			};
			name = Debug;
		};
		88FE94A524582E8100B43F4D /* Release */ = {
			isa = XCBuildConfiguration;
			buildSettings = {
				ALWAYS_SEARCH_USER_PATHS = NO;
				CLANG_ANALYZER_NONNULL = YES;
				CLANG_ANALYZER_NUMBER_OBJECT_CONVERSION = YES_AGGRESSIVE;
				CLANG_CXX_LANGUAGE_STANDARD = "gnu++14";
				CLANG_CXX_LIBRARY = "libc++";
				CLANG_ENABLE_MODULES = YES;
				CLANG_ENABLE_OBJC_ARC = YES;
				CLANG_ENABLE_OBJC_WEAK = YES;
				CLANG_WARN_BLOCK_CAPTURE_AUTORELEASING = YES;
				CLANG_WARN_BOOL_CONVERSION = YES;
				CLANG_WARN_COMMA = YES;
				CLANG_WARN_CONSTANT_CONVERSION = YES;
				CLANG_WARN_DEPRECATED_OBJC_IMPLEMENTATIONS = YES;
				CLANG_WARN_DIRECT_OBJC_ISA_USAGE = YES_ERROR;
				CLANG_WARN_DOCUMENTATION_COMMENTS = YES;
				CLANG_WARN_EMPTY_BODY = YES;
				CLANG_WARN_ENUM_CONVERSION = YES;
				CLANG_WARN_INFINITE_RECURSION = YES;
				CLANG_WARN_INT_CONVERSION = YES;
				CLANG_WARN_NON_LITERAL_NULL_CONVERSION = YES;
				CLANG_WARN_OBJC_IMPLICIT_RETAIN_SELF = YES;
				CLANG_WARN_OBJC_LITERAL_CONVERSION = YES;
				CLANG_WARN_OBJC_ROOT_CLASS = YES_ERROR;
				CLANG_WARN_RANGE_LOOP_ANALYSIS = YES;
				CLANG_WARN_STRICT_PROTOTYPES = YES;
				CLANG_WARN_SUSPICIOUS_MOVE = YES;
				CLANG_WARN_UNGUARDED_AVAILABILITY = YES_AGGRESSIVE;
				CLANG_WARN_UNREACHABLE_CODE = YES;
				CLANG_WARN__DUPLICATE_METHOD_MATCH = YES;
				COPY_PHASE_STRIP = NO;
				DEBUG_INFORMATION_FORMAT = "dwarf-with-dsym";
				ENABLE_NS_ASSERTIONS = NO;
				ENABLE_STRICT_OBJC_MSGSEND = YES;
				GCC_C_LANGUAGE_STANDARD = gnu11;
				GCC_NO_COMMON_BLOCKS = YES;
				GCC_WARN_64_TO_32_BIT_CONVERSION = YES;
				GCC_WARN_ABOUT_RETURN_TYPE = YES_ERROR;
				GCC_WARN_UNDECLARED_SELECTOR = YES;
				GCC_WARN_UNINITIALIZED_AUTOS = YES_AGGRESSIVE;
				GCC_WARN_UNUSED_FUNCTION = YES;
				GCC_WARN_UNUSED_VARIABLE = YES;
				IPHONEOS_DEPLOYMENT_TARGET = 13.2;
				MTL_ENABLE_DEBUG_INFO = NO;
				MTL_FAST_MATH = YES;
				SDKROOT = iphoneos;
				SWIFT_COMPILATION_MODE = wholemodule;
				SWIFT_OPTIMIZATION_LEVEL = "-O";
				VALIDATE_PRODUCT = YES;
			};
			name = Release;
		};
		88FE94A724582E8100B43F4D /* Debug */ = {
			isa = XCBuildConfiguration;
			buildSettings = {
				ASSETCATALOG_COMPILER_APPICON_NAME = AppIcon;
				CODE_SIGN_STYLE = Automatic;
				DEVELOPMENT_TEAM = 8DH5GFY2YA;
				INFOPLIST_FILE = SecretNumber/Info.plist;
				LD_RUNPATH_SEARCH_PATHS = (
					"$(inherited)",
					"@executable_path/Frameworks",
				);
				PRODUCT_BUNDLE_IDENTIFIER = fr.sapinrocher.SecretNumber;
				PRODUCT_NAME = "$(TARGET_NAME)";
				SWIFT_VERSION = 5.0;
				TARGETED_DEVICE_FAMILY = "1,2";
			};
			name = Debug;
		};
		88FE94A824582E8100B43F4D /* Release */ = {
			isa = XCBuildConfiguration;
			buildSettings = {
				ASSETCATALOG_COMPILER_APPICON_NAME = AppIcon;
				CODE_SIGN_STYLE = Automatic;
				DEVELOPMENT_TEAM = 8DH5GFY2YA;
				INFOPLIST_FILE = SecretNumber/Info.plist;
				LD_RUNPATH_SEARCH_PATHS = (
					"$(inherited)",
					"@executable_path/Frameworks",
				);
				PRODUCT_BUNDLE_IDENTIFIER = fr.sapinrocher.SecretNumber;
				PRODUCT_NAME = "$(TARGET_NAME)";
				SWIFT_VERSION = 5.0;
				TARGETED_DEVICE_FAMILY = "1,2";
			};
			name = Release;
		};
		88FE94AA24582E8100B43F4D /* Debug */ = {
			isa = XCBuildConfiguration;
			buildSettings = {
				ALWAYS_EMBED_SWIFT_STANDARD_LIBRARIES = YES;
				BUNDLE_LOADER = "$(TEST_HOST)";
				CODE_SIGN_STYLE = Automatic;
				DEVELOPMENT_TEAM = 8DH5GFY2YA;
				INFOPLIST_FILE = SecretNumberTests/Info.plist;
				IPHONEOS_DEPLOYMENT_TARGET = 13.2;
				LD_RUNPATH_SEARCH_PATHS = (
					"$(inherited)",
					"@executable_path/Frameworks",
					"@loader_path/Frameworks",
				);
				PRODUCT_BUNDLE_IDENTIFIER = fr.sapinrocher.SecretNumberTests;
				PRODUCT_NAME = "$(TARGET_NAME)";
				SWIFT_VERSION = 5.0;
				TARGETED_DEVICE_FAMILY = "1,2";
				TEST_HOST = "$(BUILT_PRODUCTS_DIR)/SecretNumber.app/SecretNumber";
			};
			name = Debug;
		};
		88FE94AB24582E8100B43F4D /* Release */ = {
			isa = XCBuildConfiguration;
			buildSettings = {
				ALWAYS_EMBED_SWIFT_STANDARD_LIBRARIES = YES;
				BUNDLE_LOADER = "$(TEST_HOST)";
				CODE_SIGN_STYLE = Automatic;
				DEVELOPMENT_TEAM = 8DH5GFY2YA;
				INFOPLIST_FILE = SecretNumberTests/Info.plist;
				IPHONEOS_DEPLOYMENT_TARGET = 13.2;
				LD_RUNPATH_SEARCH_PATHS = (
					"$(inherited)",
					"@executable_path/Frameworks",
					"@loader_path/Frameworks",
				);
				PRODUCT_BUNDLE_IDENTIFIER = fr.sapinrocher.SecretNumberTests;
				PRODUCT_NAME = "$(TARGET_NAME)";
				SWIFT_VERSION = 5.0;
				TARGETED_DEVICE_FAMILY = "1,2";
				TEST_HOST = "$(BUILT_PRODUCTS_DIR)/SecretNumber.app/SecretNumber";
			};
			name = Release;
		};
/* End XCBuildConfiguration section */

/* Begin XCConfigurationList section */
		88FE948224582E7F00B43F4D /* Build configuration list for PBXProject "SecretNumber" */ = {
			isa = XCConfigurationList;
			buildConfigurations = (
				88FE94A424582E8100B43F4D /* Debug */,
				88FE94A524582E8100B43F4D /* Release */,
			);
			defaultConfigurationIsVisible = 0;
			defaultConfigurationName = Release;
		};
		88FE94A624582E8100B43F4D /* Build configuration list for PBXNativeTarget "SecretNumber" */ = {
			isa = XCConfigurationList;
			buildConfigurations = (
				88FE94A724582E8100B43F4D /* Debug */,
				88FE94A824582E8100B43F4D /* Release */,
			);
			defaultConfigurationIsVisible = 0;
			defaultConfigurationName = Release;
		};
		88FE94A924582E8100B43F4D /* Build configuration list for PBXNativeTarget "SecretNumberTests" */ = {
			isa = XCConfigurationList;
			buildConfigurations = (
				88FE94AA24582E8100B43F4D /* Debug */,
				88FE94AB24582E8100B43F4D /* Release */,
			);
			defaultConfigurationIsVisible = 0;
			defaultConfigurationName = Release;
		};
/* End XCConfigurationList section */
	};
	rootObject = 88FE947F24582E7F00B43F4D /* Project object */;
}
